
Microsoft Visual Studio Solution File, Format Version 12.00
# Visual Studio Version 16
VisualStudioVersion = 16.0.30114.105
MinimumVisualStudioVersion = 10.0.40219.1
Project("{FAE04EC0-301F-11D3-BF4B-00C04F79EFBC}") = "BlogPessoal", "BlogPessoal\BlogPessoal.csproj", "{D607F3D7-0CCD-4FDC-AEAD-92F40B1202A9}"
EndProject
Project("{FAE04EC0-301F-11D3-BF4B-00C04F79EFBC}") = "BlogPessoalTeste", "BlogPessoalTeste\BlogPessoalTeste.csproj", "{6DCC8413-C97C-4FB6-8635-6FF53AA7CE21}"
EndProject
Global
	GlobalSection(SolutionProperties) = preSolution
		HideSolutionNode = FALSE
	EndGlobalSection
	GlobalSection(SolutionConfigurationPlatforms) = preSolution
		Debug|Any CPU = Debug|Any CPU
		Debug|x64 = Debug|x64
		Debug|x86 = Debug|x86
		Release|Any CPU = Release|Any CPU
		Release|x64 = Release|x64
		Release|x86 = Release|x86
	EndGlobalSection
	GlobalSection(ProjectConfigurationPlatforms) = postSolution
		{D607F3D7-0CCD-4FDC-AEAD-92F40B1202A9}.Debug|Any CPU.ActiveCfg = Debug|Any CPU
		{D607F3D7-0CCD-4FDC-AEAD-92F40B1202A9}.Debug|Any CPU.Build.0 = Debug|Any CPU
		{D607F3D7-0CCD-4FDC-AEAD-92F40B1202A9}.Debug|x64.ActiveCfg = Debug|Any CPU
		{D607F3D7-0CCD-4FDC-AEAD-92F40B1202A9}.Debug|x64.Build.0 = Debug|Any CPU
		{D607F3D7-0CCD-4FDC-AEAD-92F40B1202A9}.Debug|x86.ActiveCfg = Debug|Any CPU
		{D607F3D7-0CCD-4FDC-AEAD-92F40B1202A9}.Debug|x86.Build.0 = Debug|Any CPU
		{D607F3D7-0CCD-4FDC-AEAD-92F40B1202A9}.Release|Any CPU.ActiveCfg = Release|Any CPU
		{D607F3D7-0CCD-4FDC-AEAD-92F40B1202A9}.Release|Any CPU.Build.0 = Release|Any CPU
		{D607F3D7-0CCD-4FDC-AEAD-92F40B1202A9}.Release|x64.ActiveCfg = Release|Any CPU
		{D607F3D7-0CCD-4FDC-AEAD-92F40B1202A9}.Release|x64.Build.0 = Release|Any CPU
		{D607F3D7-0CCD-4FDC-AEAD-92F40B1202A9}.Release|x86.ActiveCfg = Release|Any CPU
		{D607F3D7-0CCD-4FDC-AEAD-92F40B1202A9}.Release|x86.Build.0 = Release|Any CPU
		{6DCC8413-C97C-4FB6-8635-6FF53AA7CE21}.Debug|Any CPU.ActiveCfg = Debug|Any CPU
		{6DCC8413-C97C-4FB6-8635-6FF53AA7CE21}.Debug|Any CPU.Build.0 = Debug|Any CPU
		{6DCC8413-C97C-4FB6-8635-6FF53AA7CE21}.Debug|x64.ActiveCfg = Debug|Any CPU
		{6DCC8413-C97C-4FB6-8635-6FF53AA7CE21}.Debug|x64.Build.0 = Debug|Any CPU
		{6DCC8413-C97C-4FB6-8635-6FF53AA7CE21}.Debug|x86.ActiveCfg = Debug|Any CPU
		{6DCC8413-C97C-4FB6-8635-6FF53AA7CE21}.Debug|x86.Build.0 = Debug|Any CPU
		{6DCC8413-C97C-4FB6-8635-6FF53AA7CE21}.Release|Any CPU.ActiveCfg = Release|Any CPU
		{6DCC8413-C97C-4FB6-8635-6FF53AA7CE21}.Release|Any CPU.Build.0 = Release|Any CPU
		{6DCC8413-C97C-4FB6-8635-6FF53AA7CE21}.Release|x64.ActiveCfg = Release|Any CPU
		{6DCC8413-C97C-4FB6-8635-6FF53AA7CE21}.Release|x64.Build.0 = Release|Any CPU
		{6DCC8413-C97C-4FB6-8635-6FF53AA7CE21}.Release|x86.ActiveCfg = Release|Any CPU
		{6DCC8413-C97C-4FB6-8635-6FF53AA7CE21}.Release|x86.Build.0 = Release|Any CPU
	EndGlobalSection
EndGlobal
