
Microsoft Visual Studio Solution File, Format Version 12.00
# Visual Studio Version 17
VisualStudioVersion = 17.1.32328.378
MinimumVisualStudioVersion = 10.0.40219.1
Project("{FAE04EC0-301F-11D3-BF4B-00C04F79EFBC}") = "Blog Pessoal", "Blog Pessoal\Blog Pessoal.csproj", "{4A6C4AEA-EFDF-4DF5-983C-CFBE290A90B1}"
EndProject
Project("{FAE04EC0-301F-11D3-BF4B-00C04F79EFBC}") = "BlogPessoalTESTE", "BlogPessoalTESTE\BlogPessoalTESTE.csproj", "{397711BA-BD60-4DAD-B43D-BDB805380265}"
EndProject
Global
	GlobalSection(SolutionConfigurationPlatforms) = preSolution
		Debug|Any CPU = Debug|Any CPU
		Release|Any CPU = Release|Any CPU
	EndGlobalSection
	GlobalSection(ProjectConfigurationPlatforms) = postSolution
		{4A6C4AEA-EFDF-4DF5-983C-CFBE290A90B1}.Debug|Any CPU.ActiveCfg = Debug|Any CPU
		{4A6C4AEA-EFDF-4DF5-983C-CFBE290A90B1}.Debug|Any CPU.Build.0 = Debug|Any CPU
		{4A6C4AEA-EFDF-4DF5-983C-CFBE290A90B1}.Release|Any CPU.ActiveCfg = Release|Any CPU
		{4A6C4AEA-EFDF-4DF5-983C-CFBE290A90B1}.Release|Any CPU.Build.0 = Release|Any CPU
		{397711BA-BD60-4DAD-B43D-BDB805380265}.Debug|Any CPU.ActiveCfg = Debug|Any CPU
		{397711BA-BD60-4DAD-B43D-BDB805380265}.Debug|Any CPU.Build.0 = Debug|Any CPU
		{397711BA-BD60-4DAD-B43D-BDB805380265}.Release|Any CPU.ActiveCfg = Release|Any CPU
		{397711BA-BD60-4DAD-B43D-BDB805380265}.Release|Any CPU.Build.0 = Release|Any CPU
	EndGlobalSection
	GlobalSection(SolutionProperties) = preSolution
		HideSolutionNode = FALSE
	EndGlobalSection
	GlobalSection(ExtensibilityGlobals) = postSolution
		SolutionGuid = {56E68B80-3BC2-4EF9-8B67-3E3375574796}
	EndGlobalSection
EndGlobal
